
Microsoft Visual Studio Solution File, Format Version 12.00
# Visual Studio Express 2013 for Windows Desktop
VisualStudioVersion = 12.0.30723.0
MinimumVisualStudioVersion = 10.0.40219.1
Project("{FAE04EC0-301F-11D3-BF4B-00C04F79EFBC}") = "MemoryCardAdaptorTest", "MemoryCardAdaptorTest\MemoryCardAdaptorTest.csproj", "{CA2C1D25-98DD-4C5C-AC0B-C7AE6CA6C6F3}"
EndProject
Project("{FAE04EC0-301F-11D3-BF4B-00C04F79EFBC}") = "Usb", "WinUsb\Usb.csproj", "{D6CE17DF-97AC-4475-9E52-D8AF7DF5535D}"
EndProject
Global
	GlobalSection(SolutionConfigurationPlatforms) = preSolution
		Debug|x86 = Debug|x86
		Release|x86 = Release|x86
	EndGlobalSection
	GlobalSection(ProjectConfigurationPlatforms) = postSolution
		{CA2C1D25-98DD-4C5C-AC0B-C7AE6CA6C6F3}.Debug|x86.ActiveCfg = Debug|x86
		{CA2C1D25-98DD-4C5C-AC0B-C7AE6CA6C6F3}.Debug|x86.Build.0 = Debug|x86
		{CA2C1D25-98DD-4C5C-AC0B-C7AE6CA6C6F3}.Release|x86.ActiveCfg = Release|x86
		{CA2C1D25-98DD-4C5C-AC0B-C7AE6CA6C6F3}.Release|x86.Build.0 = Release|x86
		{D6CE17DF-97AC-4475-9E52-D8AF7DF5535D}.Debug|x86.ActiveCfg = Debug|x86
		{D6CE17DF-97AC-4475-9E52-D8AF7DF5535D}.Debug|x86.Build.0 = Debug|x86
		{D6CE17DF-97AC-4475-9E52-D8AF7DF5535D}.Release|x86.ActiveCfg = Release|x86
		{D6CE17DF-97AC-4475-9E52-D8AF7DF5535D}.Release|x86.Build.0 = Release|x86
	EndGlobalSection
	GlobalSection(SolutionProperties) = preSolution
		HideSolutionNode = FALSE
	EndGlobalSection
EndGlobal
